
Microsoft Visual Studio Solution File, Format Version 12.00
# Visual Studio Version 16
VisualStudioVersion = 16.0.31624.102
MinimumVisualStudioVersion = 10.0.40219.1
Project("{FAE04EC0-301F-11D3-BF4B-00C04F79EFBC}") = "CsGoMarketBot", "CsGoMarketBot\CsGoMarketBot.csproj", "{50BF69B1-AAB0-4B02-83A7-CD850B392CD0}"
EndProject
Project("{FAE04EC0-301F-11D3-BF4B-00C04F79EFBC}") = "CRUDproject", "CRUDproject\CRUDproject.csproj", "{F2A52B54-6D91-435A-9631-B6C2E8FE3E19}"
EndProject
Global
	GlobalSection(SolutionConfigurationPlatforms) = preSolution
		Debug|Any CPU = Debug|Any CPU
		Release|Any CPU = Release|Any CPU
	EndGlobalSection
	GlobalSection(ProjectConfigurationPlatforms) = postSolution
		{50BF69B1-AAB0-4B02-83A7-CD850B392CD0}.Debug|Any CPU.ActiveCfg = Debug|Any CPU
		{50BF69B1-AAB0-4B02-83A7-CD850B392CD0}.Debug|Any CPU.Build.0 = Debug|Any CPU
		{50BF69B1-AAB0-4B02-83A7-CD850B392CD0}.Release|Any CPU.ActiveCfg = Release|Any CPU
		{50BF69B1-AAB0-4B02-83A7-CD850B392CD0}.Release|Any CPU.Build.0 = Release|Any CPU
		{F2A52B54-6D91-435A-9631-B6C2E8FE3E19}.Debug|Any CPU.ActiveCfg = Debug|Any CPU
		{F2A52B54-6D91-435A-9631-B6C2E8FE3E19}.Debug|Any CPU.Build.0 = Debug|Any CPU
		{F2A52B54-6D91-435A-9631-B6C2E8FE3E19}.Release|Any CPU.ActiveCfg = Release|Any CPU
		{F2A52B54-6D91-435A-9631-B6C2E8FE3E19}.Release|Any CPU.Build.0 = Release|Any CPU
	EndGlobalSection
	GlobalSection(SolutionProperties) = preSolution
		HideSolutionNode = FALSE
	EndGlobalSection
	GlobalSection(ExtensibilityGlobals) = postSolution
		SolutionGuid = {E7821EDC-AB40-4B80-A8F5-FC24D4F9E218}
	EndGlobalSection
EndGlobal
